
Microsoft Visual Studio Solution File, Format Version 12.00
# Visual Studio 15
VisualStudioVersion = 15.0.26124.0
MinimumVisualStudioVersion = 15.0.26124.0
Project("{FAE04EC0-301F-11D3-BF4B-00C04F79EFBC}") = "PaymentContext.Domain", "PaymentContext.Domain\PaymentContext.Domain.csproj", "{DAC573BB-9DDC-4A54-9DCA-DE13C2F8D660}"
EndProject
Project("{FAE04EC0-301F-11D3-BF4B-00C04F79EFBC}") = "PaymentContext.Shared", "PaymentContext.Shared\PaymentContext.Shared.csproj", "{EBF8D915-B3A4-467E-92E3-4DDF80F63DDA}"
EndProject
Project("{FAE04EC0-301F-11D3-BF4B-00C04F79EFBC}") = "PaymentContext.Tests", "PaymentContext.Tests\PaymentContext.Tests.csproj", "{609FA14F-AE2A-4649-B3E4-FB484DE402EB}"
EndProject
Global
	GlobalSection(SolutionConfigurationPlatforms) = preSolution
		Debug|Any CPU = Debug|Any CPU
		Debug|x64 = Debug|x64
		Debug|x86 = Debug|x86
		Release|Any CPU = Release|Any CPU
		Release|x64 = Release|x64
		Release|x86 = Release|x86
	EndGlobalSection
	GlobalSection(SolutionProperties) = preSolution
		HideSolutionNode = FALSE
	EndGlobalSection
	GlobalSection(ProjectConfigurationPlatforms) = postSolution
		{DAC573BB-9DDC-4A54-9DCA-DE13C2F8D660}.Debug|Any CPU.ActiveCfg = Debug|Any CPU
		{DAC573BB-9DDC-4A54-9DCA-DE13C2F8D660}.Debug|Any CPU.Build.0 = Debug|Any CPU
		{DAC573BB-9DDC-4A54-9DCA-DE13C2F8D660}.Debug|x64.ActiveCfg = Debug|x64
		{DAC573BB-9DDC-4A54-9DCA-DE13C2F8D660}.Debug|x64.Build.0 = Debug|x64
		{DAC573BB-9DDC-4A54-9DCA-DE13C2F8D660}.Debug|x86.ActiveCfg = Debug|x86
		{DAC573BB-9DDC-4A54-9DCA-DE13C2F8D660}.Debug|x86.Build.0 = Debug|x86
		{DAC573BB-9DDC-4A54-9DCA-DE13C2F8D660}.Release|Any CPU.ActiveCfg = Release|Any CPU
		{DAC573BB-9DDC-4A54-9DCA-DE13C2F8D660}.Release|Any CPU.Build.0 = Release|Any CPU
		{DAC573BB-9DDC-4A54-9DCA-DE13C2F8D660}.Release|x64.ActiveCfg = Release|x64
		{DAC573BB-9DDC-4A54-9DCA-DE13C2F8D660}.Release|x64.Build.0 = Release|x64
		{DAC573BB-9DDC-4A54-9DCA-DE13C2F8D660}.Release|x86.ActiveCfg = Release|x86
		{DAC573BB-9DDC-4A54-9DCA-DE13C2F8D660}.Release|x86.Build.0 = Release|x86
		{EBF8D915-B3A4-467E-92E3-4DDF80F63DDA}.Debug|Any CPU.ActiveCfg = Debug|Any CPU
		{EBF8D915-B3A4-467E-92E3-4DDF80F63DDA}.Debug|Any CPU.Build.0 = Debug|Any CPU
		{EBF8D915-B3A4-467E-92E3-4DDF80F63DDA}.Debug|x64.ActiveCfg = Debug|x64
		{EBF8D915-B3A4-467E-92E3-4DDF80F63DDA}.Debug|x64.Build.0 = Debug|x64
		{EBF8D915-B3A4-467E-92E3-4DDF80F63DDA}.Debug|x86.ActiveCfg = Debug|x86
		{EBF8D915-B3A4-467E-92E3-4DDF80F63DDA}.Debug|x86.Build.0 = Debug|x86
		{EBF8D915-B3A4-467E-92E3-4DDF80F63DDA}.Release|Any CPU.ActiveCfg = Release|Any CPU
		{EBF8D915-B3A4-467E-92E3-4DDF80F63DDA}.Release|Any CPU.Build.0 = Release|Any CPU
		{EBF8D915-B3A4-467E-92E3-4DDF80F63DDA}.Release|x64.ActiveCfg = Release|x64
		{EBF8D915-B3A4-467E-92E3-4DDF80F63DDA}.Release|x64.Build.0 = Release|x64
		{EBF8D915-B3A4-467E-92E3-4DDF80F63DDA}.Release|x86.ActiveCfg = Release|x86
		{EBF8D915-B3A4-467E-92E3-4DDF80F63DDA}.Release|x86.Build.0 = Release|x86
		{609FA14F-AE2A-4649-B3E4-FB484DE402EB}.Debug|Any CPU.ActiveCfg = Debug|Any CPU
		{609FA14F-AE2A-4649-B3E4-FB484DE402EB}.Debug|Any CPU.Build.0 = Debug|Any CPU
		{609FA14F-AE2A-4649-B3E4-FB484DE402EB}.Debug|x64.ActiveCfg = Debug|x64
		{609FA14F-AE2A-4649-B3E4-FB484DE402EB}.Debug|x64.Build.0 = Debug|x64
		{609FA14F-AE2A-4649-B3E4-FB484DE402EB}.Debug|x86.ActiveCfg = Debug|x86
		{609FA14F-AE2A-4649-B3E4-FB484DE402EB}.Debug|x86.Build.0 = Debug|x86
		{609FA14F-AE2A-4649-B3E4-FB484DE402EB}.Release|Any CPU.ActiveCfg = Release|Any CPU
		{609FA14F-AE2A-4649-B3E4-FB484DE402EB}.Release|Any CPU.Build.0 = Release|Any CPU
		{609FA14F-AE2A-4649-B3E4-FB484DE402EB}.Release|x64.ActiveCfg = Release|x64
		{609FA14F-AE2A-4649-B3E4-FB484DE402EB}.Release|x64.Build.0 = Release|x64
		{609FA14F-AE2A-4649-B3E4-FB484DE402EB}.Release|x86.ActiveCfg = Release|x86
		{609FA14F-AE2A-4649-B3E4-FB484DE402EB}.Release|x86.Build.0 = Release|x86
	EndGlobalSection
EndGlobal
